
Microsoft Visual Studio Solution File, Format Version 12.00
# Visual Studio Version 17
VisualStudioVersion = 17.0.31903.59
MinimumVisualStudioVersion = 10.0.40219.1
Project("{FAE04EC0-301F-11D3-BF4B-00C04F79EFBC}") = "Repository", "Repository\Repository.csproj", "{F877A630-CE52-4876-BEEC-5C0D336801D9}"
EndProject
Project("{FAE04EC0-301F-11D3-BF4B-00C04F79EFBC}") = "Service", "Service\Service.csproj", "{FF898D53-CF24-4FB7-B749-37D781EED862}"
EndProject
Project("{FAE04EC0-301F-11D3-BF4B-00C04F79EFBC}") = "WebAPI", "WebAPI\WebAPI.csproj", "{9DC7C16B-F245-47DD-8FC2-68DF6BC55A40}"
EndProject
Global
	GlobalSection(SolutionConfigurationPlatforms) = preSolution
		Debug|Any CPU = Debug|Any CPU
		Release|Any CPU = Release|Any CPU
	EndGlobalSection
	GlobalSection(SolutionProperties) = preSolution
		HideSolutionNode = FALSE
	EndGlobalSection
	GlobalSection(ProjectConfigurationPlatforms) = postSolution
		{F877A630-CE52-4876-BEEC-5C0D336801D9}.Debug|Any CPU.ActiveCfg = Debug|Any CPU
		{F877A630-CE52-4876-BEEC-5C0D336801D9}.Debug|Any CPU.Build.0 = Debug|Any CPU
		{F877A630-CE52-4876-BEEC-5C0D336801D9}.Release|Any CPU.ActiveCfg = Release|Any CPU
		{F877A630-CE52-4876-BEEC-5C0D336801D9}.Release|Any CPU.Build.0 = Release|Any CPU
		{FF898D53-CF24-4FB7-B749-37D781EED862}.Debug|Any CPU.ActiveCfg = Debug|Any CPU
		{FF898D53-CF24-4FB7-B749-37D781EED862}.Debug|Any CPU.Build.0 = Debug|Any CPU
		{FF898D53-CF24-4FB7-B749-37D781EED862}.Release|Any CPU.ActiveCfg = Release|Any CPU
		{FF898D53-CF24-4FB7-B749-37D781EED862}.Release|Any CPU.Build.0 = Release|Any CPU
		{9DC7C16B-F245-47DD-8FC2-68DF6BC55A40}.Debug|Any CPU.ActiveCfg = Debug|Any CPU
		{9DC7C16B-F245-47DD-8FC2-68DF6BC55A40}.Debug|Any CPU.Build.0 = Debug|Any CPU
		{9DC7C16B-F245-47DD-8FC2-68DF6BC55A40}.Release|Any CPU.ActiveCfg = Release|Any CPU
		{9DC7C16B-F245-47DD-8FC2-68DF6BC55A40}.Release|Any CPU.Build.0 = Release|Any CPU
	EndGlobalSection
EndGlobal
